<?xml version="1.0" encoding="utf-8"?>
<Project ToolsVersion="4.0" xmlns="http://schemas.microsoft.com/developer/msbuild/2003">
  <ItemGroup>
    <Filter Include="Source Files">
      <UniqueIdentifier>{4FC737F1-C7A5-4376-A066-2A32D752A2FF}</UniqueIdentifier>
      <Extensions>cpp;c;cc;cxx;def;odl;idl;hpj;bat;asm;asmx</Extensions>
    </Filter>
    <Filter Include="Header Files">
      <UniqueIdentifier>{93995380-89BD-4b04-88EB-625FBE52EBFB}</UniqueIdentifier>
      <Extensions>h;hh;hpp;hxx;hm;inl;inc;xsd</Extensions>
    </Filter>
    <Filter Include="Resource Files">
      <UniqueIdentifier>{67DA6AB6-F800-4c08-8B7A-83BB121AAD01}</UniqueIdentifier>
      <Extensions>rc;ico;cur;bmp;dlg;rc2;rct;bin;rgs;gif;jpg;jpeg;jpe;resx;tiff;tif;png;wav;mfcribbon-ms</Extensions>
    </Filter>
  </ItemGroup>
  <ItemGroup>
    <Text Include="ReadMe.txt" />
  </ItemGroup>
  <ItemGroup>
    <ClCompile Include="BMSSaliency.cpp">
      <Filter>Source Files</Filter>
    </ClCompile>
    <ClCompile Include="common-method.cpp">
      <Filter>Source Files</Filter>
    </ClCompile>
    <ClCompile Include="fftw++.cc">
      <Filter>Source Files</Filter>
    </ClCompile>
    <ClCompile Include="GBVS360.cpp">
      <Filter>Source Files</Filter>
    </ClCompile>
    <ClCompile Include="GBVSSaliency.cpp">
      <Filter>Source Files</Filter>
    </ClCompile>
    <ClCompile Include="Options.cpp">
      <Filter>Source Files</Filter>
    </ClCompile>
    <ClCompile Include="Projection.cpp">
      <Filter>Source Files</Filter>
    </ClCompile>
    <ClCompile Include="Saliency.cpp">
      <Filter>Source Files</Filter>
    </ClCompile>
    <ClCompile Include="Saliency360.cpp">
      <Filter>Source Files</Filter>
    </ClCompile>
    <ClCompile Include="ProjectedSaliency.cpp">
      <Filter>Source Files</Filter>
    </ClCompile>
    <ClCompile Include="EquatorialPrior.cpp">
      <Filter>Source Files</Filter>
    </ClCompile>
    <ClCompile Include="Salient.cpp">
      <Filter>Source Files</Filter>
    </ClCompile>
  </ItemGroup>
  <ItemGroup>
    <ClInclude Include="BMSSaliency.h">
      <Filter>Header Files</Filter>
    </ClInclude>
    <ClInclude Include="common.h">
      <Filter>Header Files</Filter>
    </ClInclude>
    <ClInclude Include="common-method.h">
      <Filter>Header Files</Filter>
    </ClInclude>
    <ClInclude Include="fftw++.h">
      <Filter>Header Files</Filter>
    </ClInclude>
    <ClInclude Include="GBVS360.h">
      <Filter>Header Files</Filter>
    </ClInclude>
    <ClInclude Include="GBVSSaliency.h">
      <Filter>Header Files</Filter>
    </ClInclude>
    <ClInclude Include="Options.h">
      <Filter>Header Files</Filter>
    </ClInclude>
    <ClInclude Include="Projection.h">
      <Filter>Header Files</Filter>
    </ClInclude>
    <ClInclude Include="Saliency.h">
      <Filter>Header Files</Filter>
    </ClInclude>
    <ClInclude Include="Saliency360.h">
      <Filter>Header Files</Filter>
    </ClInclude>
    <ClInclude Include="ShiftImage.hpp">
      <Filter>Header Files</Filter>
    </ClInclude>
    <ClInclude Include="CSVReader.h">
      <Filter>Header Files</Filter>
    </ClInclude>
    <ClInclude Include="CSVReader.hpp">
      <Filter>Header Files</Filter>
    </ClInclude>
    <ClInclude Include="ProjectedSaliency.h">
      <Filter>Header Files</Filter>
    </ClInclude>
    <ClInclude Include="EquatorialPrior.h">
      <Filter>Header Files</Filter>
    </ClInclude>
    <ClInclude Include="Salient.h">
      <Filter>Header Files</Filter>
    </ClInclude>
  </ItemGroup>
</Project>